# This file is automatically @generated by Poetry 1.8.1 and should not be changed by hand.

[[package]]
name = "opeco17-dummy-package"
version = "0.1.0"
description = ""
optional = false
python-versions = ">=3.10,<4.0"
files = [
    {file = "opeco17_dummy_package-0.1.0-py3-none-any.whl", hash = "sha256:57ba5f4732a2d308a4189bafd5a2a06f97ba8fcb2c92e1c17a2ed5452a39ae75"},
    {file = "opeco17_dummy_package-0.1.0.tar.gz", hash = "sha256:db558a510f52c651b502e3e576fc7f712e753ea35c80599c01469db7df17661c"},
]

[metadata]
lock-version = "2.0"
python-versions = "^3.10"
content-hash = "ff9fc901b270620b6ca62d914aeaef60996163f92b8e0b263d685af8f0d9b2a1"
